{
  "version": 4,
  "terraform_version": "1.13.4",
  "serial": 11,
  "lineage": "df999fe1-f68a-db28-3d71-ea5a320b72ac",
  "outputs": {
    "tenant_domain_only": {
      "value": "dev-itcybersecsol.us.auth0.com",
      "type": "string",
      "sensitive": true
    },
    "tenant_info": {
      "value": {
        "client_id": "w7unwy5vTfzkor0KGM3nwgyHDvOkgYQw",
        "domain": "dev-itcybersecsol.us.auth0.com",
        "friendly_name": "My New TenantssS"
      },
      "type": [
        "object",
        {
          "client_id": "string",
          "domain": "string",
          "friendly_name": "string"
        }
      ],
      "sensitive": true
    }
  },
  "resources": [
    {
      "module": "module.my_attack_protection",
      "mode": "managed",
      "type": "auth0_attack_protection",
      "name": "this",
      "provider": "provider[\"registry.terraform.io/auth0/auth0\"]",
      "instances": []
    },
    {
      "module": "module.my_branding",
      "mode": "managed",
      "type": "auth0_branding",
      "name": "this",
      "provider": "provider[\"registry.terraform.io/auth0/auth0\"]",
      "instances": []
    },
    {
      "module": "module.my_clients",
      "mode": "managed",
      "type": "auth0_client",
      "name": "this",
      "provider": "provider[\"registry.terraform.io/auth0/auth0\"]",
      "instances": [
        {
          "index_key": "my_backend_m2m",
          "schema_version": 0,
          "attributes": {
            "addons": [],
            "allowed_clients": null,
            "allowed_logout_urls": null,
            "allowed_origins": null,
            "app_type": "non_interactive",
            "callbacks": null,
            "client_aliases": null,
            "client_id": "JGoGtfHBXi1Hr6nzlD5xy9BY0de4sI65",
            "client_metadata": null,
            "compliance_level": "",
            "cross_origin_auth": false,
            "cross_origin_loc": "",
            "custom_login_page": "",
            "custom_login_page_on": true,
            "default_organization": [
              {
                "disable": true,
                "flows": [],
                "organization_id": ""
              }
            ],
            "description": "Machine-to-machine client for backend services",
            "encryption_key": null,
            "form_template": "",
            "grant_types": [
              "client_credentials"
            ],
            "id": "JGoGtfHBXi1Hr6nzlD5xy9BY0de4sI65",
            "initiate_login_uri": "",
            "is_first_party": true,
            "is_token_endpoint_ip_header_trusted": false,
            "jwt_configuration": [
              {
                "alg": "",
                "lifetime_in_seconds": 36000,
                "scopes": {},
                "secret_encoded": false
              }
            ],
            "logo_uri": "",
            "mobile": [],
            "name": "My Backend M2M Client (Dev)",
            "native_social_login": [],
            "oidc_backchannel_logout_urls": [],
            "oidc_conformant": false,
            "oidc_logout": [
              {
                "backchannel_logout_initiators": [
                  {
                    "mode": "custom",
                    "selected_initiators": [
                      "idp-logout",
                      "rp-logout"
                    ]
                  }
                ],
                "backchannel_logout_urls": []
              }
            ],
            "organization_require_behavior": "",
            "organization_usage": "",
            "refresh_token": [
              {
                "expiration_type": "non-expiring",
                "idle_token_lifetime": 2592000,
                "infinite_idle_token_lifetime": true,
                "infinite_token_lifetime": true,
                "leeway": 0,
                "policies": [],
                "rotation_type": "non-rotating",
                "token_lifetime": 31557600
              }
            ],
            "require_proof_of_possession": false,
            "require_pushed_authorization_requests": false,
            "resource_server_identifier": "",
            "session_transfer": [],
            "signing_keys": [
              {
                "cert": "-----BEGIN CERTIFICATE-----\r\nMIIDFzCCAf+gAwIBAgIJF2kAhmLF6IDzMA0GCSqGSIb3DQEBCwUAMCkxJzAlBgNV\r\nBAMTHmRldi1pdGN5YmVyc2Vjc29sLnVzLmF1dGgwLmNvbTAeFw0yNTEwMTUxODQz\r\nNDNaFw0zOTA2MjQxODQzNDNaMCkxJzAlBgNVBAMTHmRldi1pdGN5YmVyc2Vjc29s\r\nLnVzLmF1dGgwLmNvbTCCASIwDQYJKoZIhvcNAQEBBQADggEPADCCAQoCggEBAJ+O\r\ndRpVUJ2aeHfHV6beSJKIM0FEFEXjFZIVf6Ib88xbIypNEpCtKcrKVUkXjEbkdzot\r\ncR9gIpECxDsIP85SZMxS8rslwK5rUtxSN7KzdPrh0csKMP2aXpN2Zq4kT0NzIUvO\r\njL03QVYm3JSf5djWXirTK37/PG+cjLNeaNeVsWK+bpa9x689sb+OVClPA2tLrIwU\r\nFJDfnfW+NPacoizi+T8ziTh3HrDD5zpUgUqDhUDLy+ZvRID3N1lYlgVmO6RTijUh\r\nGialSt26u0ZeCVlh5xjFi3AtRh+x2iVbBemWkbOeqVOfUjuqv18jQWNUDfjorO3n\r\nqrOzvUv96pwDKNO5cn8CAwEAAaNCMEAwDwYDVR0TAQH/BAUwAwEB/zAdBgNVHQ4E\r\nFgQUfrWCXPe6Jba7ghCw5Ov8au+QAWwwDgYDVR0PAQH/BAQDAgKEMA0GCSqGSIb3\r\nDQEBCwUAA4IBAQAGbPdBsZSTgyiLKd85ZKZDKudfSH+6c2h9dBodOpT1JGco5GhL\r\n+C8vvOKuxvry19GKjbVrv1CaJT5B0sZ4DhDsvU36l2K/0uQKuzS7r2ApQHdPXTy9\r\nQ/viIWycArwUYczzPGJplGu9AztUz5XGBgWq2DxSGTY6vKQ/pZMWQBJ4iP6Z8PUi\r\n+S0qnufFb9uvwULb+vC3SiPzKt9Whdjrcx0H5ns9pweNyTYgYn0ez4p6FfBNJCsQ\r\nPovjYG7ataI3TFVTHJEDIdBp7bmY2TniGesPvoSM7ZgVd0XgS1pfuqK7oyZ+VXpr\r\npeB2HkToOluQl/HA7NNjxgXiwAb0NBqA/3bR\r\n-----END CERTIFICATE-----",
                "pkcs7": "-----BEGIN PKCS7-----\r\nMIIDRgYJKoZIhvcNAQcCoIIDNzCCAzMCAQExADALBgkqhkiG9w0BBwGgggMbMIID\r\nFzCCAf+gAwIBAgIJF2kAhmLF6IDzMA0GCSqGSIb3DQEBCwUAMCkxJzAlBgNVBAMT\r\nHmRldi1pdGN5YmVyc2Vjc29sLnVzLmF1dGgwLmNvbTAeFw0yNTEwMTUxODQzNDNa\r\nFw0zOTA2MjQxODQzNDNaMCkxJzAlBgNVBAMTHmRldi1pdGN5YmVyc2Vjc29sLnVz\r\nLmF1dGgwLmNvbTCCASIwDQYJKoZIhvcNAQEBBQADggEPADCCAQoCggEBAJ+OdRpV\r\nUJ2aeHfHV6beSJKIM0FEFEXjFZIVf6Ib88xbIypNEpCtKcrKVUkXjEbkdzotcR9g\r\nIpECxDsIP85SZMxS8rslwK5rUtxSN7KzdPrh0csKMP2aXpN2Zq4kT0NzIUvOjL03\r\nQVYm3JSf5djWXirTK37/PG+cjLNeaNeVsWK+bpa9x689sb+OVClPA2tLrIwUFJDf\r\nnfW+NPacoizi+T8ziTh3HrDD5zpUgUqDhUDLy+ZvRID3N1lYlgVmO6RTijUhGial\r\nSt26u0ZeCVlh5xjFi3AtRh+x2iVbBemWkbOeqVOfUjuqv18jQWNUDfjorO3nqrOz\r\nvUv96pwDKNO5cn8CAwEAAaNCMEAwDwYDVR0TAQH/BAUwAwEB/zAdBgNVHQ4EFgQU\r\nfrWCXPe6Jba7ghCw5Ov8au+QAWwwDgYDVR0PAQH/BAQDAgKEMA0GCSqGSIb3DQEB\r\nCwUAA4IBAQAGbPdBsZSTgyiLKd85ZKZDKudfSH+6c2h9dBodOpT1JGco5GhL+C8v\r\nvOKuxvry19GKjbVrv1CaJT5B0sZ4DhDsvU36l2K/0uQKuzS7r2ApQHdPXTy9Q/vi\r\nIWycArwUYczzPGJplGu9AztUz5XGBgWq2DxSGTY6vKQ/pZMWQBJ4iP6Z8PUi+S0q\r\nnufFb9uvwULb+vC3SiPzKt9Whdjrcx0H5ns9pweNyTYgYn0ez4p6FfBNJCsQPovj\r\nYG7ataI3TFVTHJEDIdBp7bmY2TniGesPvoSM7ZgVd0XgS1pfuqK7oyZ+VXprpeB2\r\nHkToOluQl/HA7NNjxgXiwAb0NBqA/3bRMQA=\r\n-----END PKCS7-----\r\n",
                "subject": "deprecated"
              }
            ],
            "skip_non_verifiable_callback_uri_confirmation_prompt": false,
            "sso": false,
            "sso_disabled": false,
            "token_exchange": [],
            "token_quota": [],
            "web_origins": null
          },
          "sensitive_attributes": [
            [
              {
                "type": "get_attr",
                "value": "signing_keys"
              }
            ]
          ],
          "identity_schema_version": 0,
          "private": "bnVsbA=="
        },
        {
          "index_key": "my_spa_app",
          "schema_version": 0,
          "attributes": {
            "addons": [],
            "allowed_clients": null,
            "allowed_logout_urls": [
              "http://localhost:3000"
            ],
            "allowed_origins": [
              "http://localhost:3000"
            ],
            "app_type": "spa",
            "callbacks": [
              "http://localhost:3000/callback"
            ],
            "client_aliases": null,
            "client_id": "VFyTcaO0JMRPCnWWxWF7KV4EWGZ4BK19",
            "client_metadata": null,
            "compliance_level": "",
            "cross_origin_auth": false,
            "cross_origin_loc": "",
            "custom_login_page": "",
            "custom_login_page_on": true,
            "default_organization": [
              {
                "disable": true,
                "flows": [],
                "organization_id": ""
              }
            ],
            "description": "Primary single-page application for Dev",
            "encryption_key": null,
            "form_template": "",
            "grant_types": [
              "authorization_code",
              "refresh_token"
            ],
            "id": "VFyTcaO0JMRPCnWWxWF7KV4EWGZ4BK19",
            "initiate_login_uri": "",
            "is_first_party": true,
            "is_token_endpoint_ip_header_trusted": false,
            "jwt_configuration": [
              {
                "alg": "RS256",
                "lifetime_in_seconds": 3600,
                "scopes": null,
                "secret_encoded": false
              }
            ],
            "logo_uri": "",
            "mobile": [],
            "name": "My SPA Application (Dev)",
            "native_social_login": [],
            "oidc_backchannel_logout_urls": [],
            "oidc_conformant": true,
            "oidc_logout": [
              {
                "backchannel_logout_initiators": [
                  {
                    "mode": "custom",
                    "selected_initiators": [
                      "idp-logout",
                      "rp-logout"
                    ]
                  }
                ],
                "backchannel_logout_urls": []
              }
            ],
            "organization_require_behavior": "",
            "organization_usage": "",
            "refresh_token": [
              {
                "expiration_type": "expiring",
                "idle_token_lifetime": 1296000,
                "infinite_idle_token_lifetime": false,
                "infinite_token_lifetime": false,
                "leeway": 0,
                "policies": [],
                "rotation_type": "rotating",
                "token_lifetime": 2592000
              }
            ],
            "require_proof_of_possession": false,
            "require_pushed_authorization_requests": false,
            "resource_server_identifier": "",
            "session_transfer": [],
            "signing_keys": [
              {
                "cert": "-----BEGIN CERTIFICATE-----\r\nMIIDFzCCAf+gAwIBAgIJF2kAhmLF6IDzMA0GCSqGSIb3DQEBCwUAMCkxJzAlBgNV\r\nBAMTHmRldi1pdGN5YmVyc2Vjc29sLnVzLmF1dGgwLmNvbTAeFw0yNTEwMTUxODQz\r\nNDNaFw0zOTA2MjQxODQzNDNaMCkxJzAlBgNVBAMTHmRldi1pdGN5YmVyc2Vjc29s\r\nLnVzLmF1dGgwLmNvbTCCASIwDQYJKoZIhvcNAQEBBQADggEPADCCAQoCggEBAJ+O\r\ndRpVUJ2aeHfHV6beSJKIM0FEFEXjFZIVf6Ib88xbIypNEpCtKcrKVUkXjEbkdzot\r\ncR9gIpECxDsIP85SZMxS8rslwK5rUtxSN7KzdPrh0csKMP2aXpN2Zq4kT0NzIUvO\r\njL03QVYm3JSf5djWXirTK37/PG+cjLNeaNeVsWK+bpa9x689sb+OVClPA2tLrIwU\r\nFJDfnfW+NPacoizi+T8ziTh3HrDD5zpUgUqDhUDLy+ZvRID3N1lYlgVmO6RTijUh\r\nGialSt26u0ZeCVlh5xjFi3AtRh+x2iVbBemWkbOeqVOfUjuqv18jQWNUDfjorO3n\r\nqrOzvUv96pwDKNO5cn8CAwEAAaNCMEAwDwYDVR0TAQH/BAUwAwEB/zAdBgNVHQ4E\r\nFgQUfrWCXPe6Jba7ghCw5Ov8au+QAWwwDgYDVR0PAQH/BAQDAgKEMA0GCSqGSIb3\r\nDQEBCwUAA4IBAQAGbPdBsZSTgyiLKd85ZKZDKudfSH+6c2h9dBodOpT1JGco5GhL\r\n+C8vvOKuxvry19GKjbVrv1CaJT5B0sZ4DhDsvU36l2K/0uQKuzS7r2ApQHdPXTy9\r\nQ/viIWycArwUYczzPGJplGu9AztUz5XGBgWq2DxSGTY6vKQ/pZMWQBJ4iP6Z8PUi\r\n+S0qnufFb9uvwULb+vC3SiPzKt9Whdjrcx0H5ns9pweNyTYgYn0ez4p6FfBNJCsQ\r\nPovjYG7ataI3TFVTHJEDIdBp7bmY2TniGesPvoSM7ZgVd0XgS1pfuqK7oyZ+VXpr\r\npeB2HkToOluQl/HA7NNjxgXiwAb0NBqA/3bR\r\n-----END CERTIFICATE-----",
                "pkcs7": "-----BEGIN PKCS7-----\r\nMIIDRgYJKoZIhvcNAQcCoIIDNzCCAzMCAQExADALBgkqhkiG9w0BBwGgggMbMIID\r\nFzCCAf+gAwIBAgIJF2kAhmLF6IDzMA0GCSqGSIb3DQEBCwUAMCkxJzAlBgNVBAMT\r\nHmRldi1pdGN5YmVyc2Vjc29sLnVzLmF1dGgwLmNvbTAeFw0yNTEwMTUxODQzNDNa\r\nFw0zOTA2MjQxODQzNDNaMCkxJzAlBgNVBAMTHmRldi1pdGN5YmVyc2Vjc29sLnVz\r\nLmF1dGgwLmNvbTCCASIwDQYJKoZIhvcNAQEBBQADggEPADCCAQoCggEBAJ+OdRpV\r\nUJ2aeHfHV6beSJKIM0FEFEXjFZIVf6Ib88xbIypNEpCtKcrKVUkXjEbkdzotcR9g\r\nIpECxDsIP85SZMxS8rslwK5rUtxSN7KzdPrh0csKMP2aXpN2Zq4kT0NzIUvOjL03\r\nQVYm3JSf5djWXirTK37/PG+cjLNeaNeVsWK+bpa9x689sb+OVClPA2tLrIwUFJDf\r\nnfW+NPacoizi+T8ziTh3HrDD5zpUgUqDhUDLy+ZvRID3N1lYlgVmO6RTijUhGial\r\nSt26u0ZeCVlh5xjFi3AtRh+x2iVbBemWkbOeqVOfUjuqv18jQWNUDfjorO3nqrOz\r\nvUv96pwDKNO5cn8CAwEAAaNCMEAwDwYDVR0TAQH/BAUwAwEB/zAdBgNVHQ4EFgQU\r\nfrWCXPe6Jba7ghCw5Ov8au+QAWwwDgYDVR0PAQH/BAQDAgKEMA0GCSqGSIb3DQEB\r\nCwUAA4IBAQAGbPdBsZSTgyiLKd85ZKZDKudfSH+6c2h9dBodOpT1JGco5GhL+C8v\r\nvOKuxvry19GKjbVrv1CaJT5B0sZ4DhDsvU36l2K/0uQKuzS7r2ApQHdPXTy9Q/vi\r\nIWycArwUYczzPGJplGu9AztUz5XGBgWq2DxSGTY6vKQ/pZMWQBJ4iP6Z8PUi+S0q\r\nnufFb9uvwULb+vC3SiPzKt9Whdjrcx0H5ns9pweNyTYgYn0ez4p6FfBNJCsQPovj\r\nYG7ataI3TFVTHJEDIdBp7bmY2TniGesPvoSM7ZgVd0XgS1pfuqK7oyZ+VXprpeB2\r\nHkToOluQl/HA7NNjxgXiwAb0NBqA/3bRMQA=\r\n-----END PKCS7-----\r\n",
                "subject": "deprecated"
              }
            ],
            "skip_non_verifiable_callback_uri_confirmation_prompt": false,
            "sso": false,
            "sso_disabled": false,
            "token_exchange": [],
            "token_quota": [],
            "web_origins": [
              "http://localhost:3000"
            ]
          },
          "sensitive_attributes": [
            [
              {
                "type": "get_attr",
                "value": "signing_keys"
              }
            ]
          ],
          "identity_schema_version": 0,
          "private": "bnVsbA=="
        }
      ]
    },
    {
      "module": "module.my_email_templates",
      "mode": "managed",
      "type": "auth0_email_template",
      "name": "this",
      "provider": "provider[\"registry.terraform.io/auth0/auth0\"]",
      "instances": []
    },
    {
      "module": "module.my_guardian",
      "mode": "managed",
      "type": "auth0_guardian",
      "name": "this",
      "provider": "provider[\"registry.terraform.io/auth0/auth0\"]",
      "instances": []
    },
    {
      "module": "module.my_log_streams",
      "mode": "managed",
      "type": "auth0_log_stream",
      "name": "this",
      "provider": "provider[\"registry.terraform.io/auth0/auth0\"]",
      "instances": [
        {
          "index_key": "dev_webhook",
          "schema_version": 0,
          "attributes": {
            "filters": [
              {
                "name": "auth.login.fail",
                "type": "category"
              },
              {
                "name": "auth.signup.fail",
                "type": "category"
              }
            ],
            "id": "lst_0000000000001530",
            "is_priority": false,
            "name": "Dev HTTP Webhook",
            "pii_config": [],
            "sink": [
              {
                "aws_account_id": "",
                "aws_partner_event_source": "",
                "aws_region": "",
                "azure_partner_topic": "",
                "azure_region": "",
                "azure_resource_group": "",
                "azure_subscription_id": "",
                "datadog_api_key": "",
                "datadog_region": "",
                "http_authorization": "",
                "http_content_format": "JSONARRAY",
                "http_content_type": "application/json",
                "http_custom_headers": null,
                "http_endpoint": "https://my-dev-webhook.site/logs",
                "mixpanel_project_id": "",
                "mixpanel_region": "",
                "mixpanel_service_account_password": "",
                "mixpanel_service_account_username": "",
                "segment_write_key": "",
                "splunk_domain": "",
                "splunk_port": "",
                "splunk_secure": false,
                "splunk_token": "",
                "sumo_source_address": ""
              }
            ],
            "start_from": "",
            "status": "active",
            "type": "http"
          },
          "sensitive_attributes": [
            [
              {
                "type": "get_attr",
                "value": "sink"
              },
              {
                "type": "index",
                "value": {
                  "value": 0,
                  "type": "number"
                }
              },
              {
                "type": "get_attr",
                "value": "datadog_api_key"
              }
            ],
            [
              {
                "type": "get_attr",
                "value": "sink"
              },
              {
                "type": "index",
                "value": {
                  "value": 0,
                  "type": "number"
                }
              },
              {
                "type": "get_attr",
                "value": "http_authorization"
              }
            ],
            [
              {
                "type": "get_attr",
                "value": "sink"
              },
              {
                "type": "index",
                "value": {
                  "value": 0,
                  "type": "number"
                }
              },
              {
                "type": "get_attr",
                "value": "mixpanel_service_account_password"
              }
            ],
            [
              {
                "type": "get_attr",
                "value": "sink"
              },
              {
                "type": "index",
                "value": {
                  "value": 0,
                  "type": "number"
                }
              },
              {
                "type": "get_attr",
                "value": "segment_write_key"
              }
            ],
            [
              {
                "type": "get_attr",
                "value": "sink"
              },
              {
                "type": "index",
                "value": {
                  "value": 0,
                  "type": "number"
                }
              },
              {
                "type": "get_attr",
                "value": "splunk_token"
              }
            ]
          ],
          "identity_schema_version": 0,
          "private": "bnVsbA=="
        }
      ]
    },
    {
      "module": "module.my_prompts",
      "mode": "managed",
      "type": "auth0_prompt",
      "name": "this",
      "provider": "provider[\"registry.terraform.io/auth0/auth0\"]",
      "instances": [
        {
          "index_key": 0,
          "schema_version": 0,
          "attributes": {
            "id": "terraform-20251024072651779400000001",
            "identifier_first": true,
            "universal_login_experience": "new",
            "webauthn_platform_first_factor": false
          },
          "sensitive_attributes": [],
          "identity_schema_version": 0,
          "private": "bnVsbA=="
        }
      ]
    },
    {
      "module": "module.my_tenant_settings",
      "mode": "managed",
      "type": "auth0_tenant",
      "name": "this",
      "provider": "provider[\"registry.terraform.io/auth0/auth0\"]",
      "instances": [
        {
          "index_key": 0,
          "schema_version": 0,
          "attributes": {
            "acr_values_supported": [],
            "allow_organization_name_in_authentication_api": false,
            "allowed_logout_urls": [
              "http://localhost:3000/logout"
            ],
            "customize_mfa_in_postlogin_action": false,
            "default_audience": "",
            "default_directory": "",
            "default_redirection_uri": "",
            "default_token_quota": [],
            "disable_acr_values_supported": true,
            "enabled_locales": [
              "en"
            ],
            "error_page": [],
            "flags": [
              {
                "allow_legacy_delegation_grant_types": false,
                "allow_legacy_ro_grant_types": false,
                "allow_legacy_tokeninfo_endpoint": false,
                "dashboard_insights_view": false,
                "dashboard_log_streams_next": false,
                "disable_clickjack_protection_headers": false,
                "disable_fields_map_fix": false,
                "disable_management_api_sms_obfuscation": false,
                "enable_adfs_waad_email_verification": false,
                "enable_apis_section": false,
                "enable_client_connections": false,
                "enable_custom_domain_in_emails": false,
                "enable_dynamic_client_registration": false,
                "enable_idtoken_api2": false,
                "enable_legacy_logs_search_v2": false,
                "enable_legacy_profile": false,
                "enable_pipeline2": false,
                "enable_public_signup_user_exists_error": false,
                "enable_sso": true,
                "mfa_show_factor_list_on_enrollment": false,
                "no_disclose_enterprise_connections": false,
                "remove_alg_from_jwks": false,
                "require_pushed_authorization_requests": false,
                "revoke_refresh_token_grant": false,
                "use_scope_descriptions_for_consent": false
              }
            ],
            "friendly_name": "My New TenantssS",
            "id": "terraform-20251024072651786600000002",
            "idle_session_lifetime": 72,
            "mtls": [
              {
                "disable": true,
                "enable_endpoint_aliases": false
              }
            ],
            "oidc_logout": [
              {
                "rp_logout_end_session_endpoint_discovery": true
              }
            ],
            "picture_url": "https://www.shutterstock.com/shutterstock/photos/2174926871/display_1500/stock-vector-circle-line-simple-design-logo-blue-format-jpg-png-eps-2174926871.jpg",
            "pushed_authorization_requests_supported": false,
            "sandbox_version": "22",
            "session_cookie": [
              {
                "mode": ""
              }
            ],
            "session_lifetime": 72,
            "sessions": [
              {
                "oidc_logout_prompt_enabled": false
              }
            ],
            "skip_non_verifiable_callback_uri_confirmation_prompt": false,
            "support_email": "dev-support@mycompany.com",
            "support_url": ""
          },
          "sensitive_attributes": [],
          "identity_schema_version": 0,
          "private": "bnVsbA=="
        }
      ]
    }
  ],
  "check_results": [
    {
      "object_kind": "resource",
      "config_addr": "module.my_guardian.auth0_guardian.this",
      "status": "pass",
      "objects": null
    },
    {
      "object_kind": "resource",
      "config_addr": "module.my_log_streams.auth0_log_stream.this",
      "status": "pass",
      "objects": [
        {
          "object_addr": "module.my_log_streams.auth0_log_stream.this[\"dev_webhook\"]",
          "status": "pass"
        }
      ]
    },
    {
      "object_kind": "resource",
      "config_addr": "module.my_resource_servers.auth0_resource_server.this",
      "status": "pass",
      "objects": [
        {
          "object_addr": "module.my_resource_servers.auth0_resource_server.this[\"my_main_api\"]",
          "status": "pass"
        }
      ]
    },
    {
      "object_kind": "resource",
      "config_addr": "module.my_attack_protection.auth0_attack_protection.this",
      "status": "pass",
      "objects": null
    },
    {
      "object_kind": "resource",
      "config_addr": "module.my_email_templates.auth0_email_template.this",
      "status": "pass",
      "objects": null
    },
    {
      "object_kind": "var",
      "config_addr": "module.my_prompts.var.settings",
      "status": "pass",
      "objects": [
        {
          "object_addr": "module.my_prompts.var.settings",
          "status": "pass"
        }
      ]
    },
    {
      "object_kind": "resource",
      "config_addr": "module.my_tenant_settings.auth0_tenant.this",
      "status": "pass",
      "objects": [
        {
          "object_addr": "module.my_tenant_settings.auth0_tenant.this[0]",
          "status": "pass"
        }
      ]
    },
    {
      "object_kind": "resource",
      "config_addr": "module.my_actions.auth0_action.this",
      "status": "pass",
      "objects": [
        {
          "object_addr": "module.my_actions.auth0_action.this[\"post_login_action\"]",
          "status": "pass"
        },
        {
          "object_addr": "module.my_actions.auth0_action.this[\"pre_user_registration_action\"]",
          "status": "pass"
        }
      ]
    }
  ]
}
