{
  "version": 4,
  "terraform_version": "1.13.3",
  "serial": 6,
  "lineage": "72ee7b5e-2877-57ca-ba47-ac97718e7e00",
  "outputs": {},
  "resources": [
    {
      "module": "module.my_attack_protection",
      "mode": "managed",
      "type": "auth0_attack_protection",
      "name": "this",
      "provider": "provider[\"registry.terraform.io/auth0/auth0\"]",
      "instances": [
        {
          "index_key": 0,
          "schema_version": 0,
          "attributes": {
            "breached_password_detection": [
              {
                "admin_notification_frequency": [],
                "enabled": false,
                "method": "standard",
                "pre_change_password": [
                  {
                    "shields": []
                  }
                ],
                "pre_user_registration": [
                  {
                    "shields": []
                  }
                ],
                "shields": []
              }
            ],
            "brute_force_protection": [
              {
                "allowlist": [],
                "enabled": true,
                "max_attempts": 10,
                "mode": "count_per_identifier_and_ip",
                "shields": [
                  "block",
                  "user_notification"
                ]
              }
            ],
            "id": "any-random-string",
            "suspicious_ip_throttling": [
              {
                "allowlist": [],
                "enabled": true,
                "pre_login": [
                  {
                    "max_attempts": 100,
                    "rate": 864000
                  }
                ],
                "pre_user_registration": [
                  {
                    "max_attempts": 50,
                    "rate": 1200
                  }
                ],
                "shields": [
                  "admin_notification",
                  "block"
                ]
              }
            ]
          },
          "sensitive_attributes": [],
          "identity_schema_version": 0,
          "private": "eyJzY2hlbWFfdmVyc2lvbiI6IjAifQ=="
        }
      ]
    },
    {
      "module": "module.my_prompts",
      "mode": "managed",
      "type": "auth0_prompt",
      "name": "this",
      "provider": "provider[\"registry.terraform.io/auth0/auth0\"]",
      "instances": [
        {
          "index_key": 0,
          "schema_version": 0,
          "attributes": {
            "id": "any-random-string",
            "identifier_first": false,
            "universal_login_experience": "new",
            "webauthn_platform_first_factor": false
          },
          "sensitive_attributes": [],
          "identity_schema_version": 0,
          "private": "eyJzY2hlbWFfdmVyc2lvbiI6IjAifQ=="
        }
      ]
    },
    {
      "module": "module.my_tenant_settings",
      "mode": "managed",
      "type": "auth0_tenant",
      "name": "this",
      "provider": "provider[\"registry.terraform.io/auth0/auth0\"]",
      "instances": [
        {
          "index_key": 0,
          "schema_version": 0,
          "attributes": {
            "acr_values_supported": [],
            "allow_organization_name_in_authentication_api": false,
            "allowed_logout_urls": [],
            "customize_mfa_in_postlogin_action": false,
            "default_audience": "",
            "default_directory": "",
            "default_redirection_uri": "",
            "default_token_quota": [],
            "disable_acr_values_supported": true,
            "enabled_locales": [
              "en"
            ],
            "error_page": [],
            "flags": [
              {
                "allow_legacy_delegation_grant_types": false,
                "allow_legacy_ro_grant_types": false,
                "allow_legacy_tokeninfo_endpoint": false,
                "dashboard_insights_view": false,
                "dashboard_log_streams_next": false,
                "disable_clickjack_protection_headers": false,
                "disable_fields_map_fix": false,
                "disable_management_api_sms_obfuscation": false,
                "enable_adfs_waad_email_verification": false,
                "enable_apis_section": false,
                "enable_client_connections": false,
                "enable_custom_domain_in_emails": false,
                "enable_dynamic_client_registration": false,
                "enable_idtoken_api2": false,
                "enable_legacy_logs_search_v2": false,
                "enable_legacy_profile": false,
                "enable_pipeline2": false,
                "enable_public_signup_user_exists_error": false,
                "enable_sso": true,
                "mfa_show_factor_list_on_enrollment": false,
                "no_disclose_enterprise_connections": false,
                "remove_alg_from_jwks": false,
                "require_pushed_authorization_requests": false,
                "revoke_refresh_token_grant": false,
                "use_scope_descriptions_for_consent": false
              }
            ],
            "friendly_name": "",
            "id": "any-random-string",
            "idle_session_lifetime": 72,
            "mtls": [
              {
                "disable": true,
                "enable_endpoint_aliases": false
              }
            ],
            "oidc_logout": [
              {
                "rp_logout_end_session_endpoint_discovery": true
              }
            ],
            "picture_url": "",
            "pushed_authorization_requests_supported": false,
            "sandbox_version": "22",
            "session_cookie": [
              {
                "mode": ""
              }
            ],
            "session_lifetime": 168,
            "sessions": [
              {
                "oidc_logout_prompt_enabled": false
              }
            ],
            "skip_non_verifiable_callback_uri_confirmation_prompt": false,
            "support_email": "",
            "support_url": ""
          },
          "sensitive_attributes": [],
          "identity_schema_version": 0,
          "private": "eyJzY2hlbWFfdmVyc2lvbiI6IjAifQ=="
        }
      ]
    }
  ],
  "check_results": null
}
